// !$*UTF8*$!
{
	archiveVersion = 1;
	classes = {
	};
	objectVersion = 48;
	objects = {

/* Begin PBXBuildFile section */
		4C45BE782074031600F6982F /* AppDelegate.swift in Sources */ = {isa = PBXBuildFile; fileRef = 4C45BE772074031600F6982F /* AppDelegate.swift */; };
		4C45BE7A2074031600F6982F /* ViewController.swift in Sources */ = {isa = PBXBuildFile; fileRef = 4C45BE792074031600F6982F /* ViewController.swift */; };
		4C45BE7D2074031600F6982F /* Main.storyboard in Resources */ = {isa = PBXBuildFile; fileRef = 4C45BE7B2074031600F6982F /* Main.storyboard */; };
		4C45BE7F2074031600F6982F /* Assets.xcassets in Resources */ = {isa = PBXBuildFile; fileRef = 4C45BE7E2074031600F6982F /* Assets.xcassets */; };
		4C45BE822074031600F6982F /* LaunchScreen.storyboard in Resources */ = {isa = PBXBuildFile; fileRef = 4C45BE802074031600F6982F /* LaunchScreen.storyboard */; };
		4C45BE8D2074031600F6982F /* poc_gradient_navigationTests.swift in Sources */ = {isa = PBXBuildFile; fileRef = 4C45BE8C2074031600F6982F /* poc_gradient_navigationTests.swift */; };
		4C45BE982074031600F6982F /* poc_gradient_navigationUITests.swift in Sources */ = {isa = PBXBuildFile; fileRef = 4C45BE972074031600F6982F /* poc_gradient_navigationUITests.swift */; };
		4CAEB53A207FDDAB00278336 /* MenuTableViewController.swift in Sources */ = {isa = PBXBuildFile; fileRef = 4CAEB539207FDDAB00278336 /* MenuTableViewController.swift */; };
		4CAEB53D207FDE2700278336 /* MainNavigationBar.swift in Sources */ = {isa = PBXBuildFile; fileRef = 4CAEB53C207FDE2700278336 /* MainNavigationBar.swift */; };
		4CC1A63D2084BACD00A523DA /* OptionsViewController.swift in Sources */ = {isa = PBXBuildFile; fileRef = 4CC1A63B2084BACD00A523DA /* OptionsViewController.swift */; };
		4CC1A63E2084BACD00A523DA /* BaseViewController.swift in Sources */ = {isa = PBXBuildFile; fileRef = 4CC1A63C2084BACD00A523DA /* BaseViewController.swift */; };
		4CC1A6452084BE3100A523DA /* UIColor+Custom.swift in Sources */ = {isa = PBXBuildFile; fileRef = 4CC1A6442084BE3100A523DA /* UIColor+Custom.swift */; };
/* End PBXBuildFile section */

/* Begin PBXContainerItemProxy section */
		4C45BE892074031600F6982F /* PBXContainerItemProxy */ = {
			isa = PBXContainerItemProxy;
			containerPortal = 4C45BE6C2074031600F6982F /* Project object */;
			proxyType = 1;
			remoteGlobalIDString = 4C45BE732074031600F6982F;
			remoteInfo = "poc-gradient-navigation";
		};
		4C45BE942074031600F6982F /* PBXContainerItemProxy */ = {
			isa = PBXContainerItemProxy;
			containerPortal = 4C45BE6C2074031600F6982F /* Project object */;
			proxyType = 1;
			remoteGlobalIDString = 4C45BE732074031600F6982F;
			remoteInfo = "poc-gradient-navigation";
		};
/* End PBXContainerItemProxy section */

/* Begin PBXFileReference section */
		4C45BE742074031600F6982F /* poc-gradient-navigation.app */ = {isa = PBXFileReference; explicitFileType = wrapper.application; includeInIndex = 0; path = "poc-gradient-navigation.app"; sourceTree = BUILT_PRODUCTS_DIR; };
		4C45BE772074031600F6982F /* AppDelegate.swift */ = {isa = PBXFileReference; lastKnownFileType = sourcecode.swift; path = AppDelegate.swift; sourceTree = "<group>"; };
		4C45BE792074031600F6982F /* ViewController.swift */ = {isa = PBXFileReference; lastKnownFileType = sourcecode.swift; path = ViewController.swift; sourceTree = "<group>"; };
		4C45BE7C2074031600F6982F /* Base */ = {isa = PBXFileReference; lastKnownFileType = file.storyboard; name = Base; path = Base.lproj/Main.storyboard; sourceTree = "<group>"; };
		4C45BE7E2074031600F6982F /* Assets.xcassets */ = {isa = PBXFileReference; lastKnownFileType = folder.assetcatalog; path = Assets.xcassets; sourceTree = "<group>"; };
		4C45BE812074031600F6982F /* Base */ = {isa = PBXFileReference; lastKnownFileType = file.storyboard; name = Base; path = Base.lproj/LaunchScreen.storyboard; sourceTree = "<group>"; };
		4C45BE832074031600F6982F /* Info.plist */ = {isa = PBXFileReference; lastKnownFileType = text.plist.xml; path = Info.plist; sourceTree = "<group>"; };
		4C45BE882074031600F6982F /* poc-gradient-navigationTests.xctest */ = {isa = PBXFileReference; explicitFileType = wrapper.cfbundle; includeInIndex = 0; path = "poc-gradient-navigationTests.xctest"; sourceTree = BUILT_PRODUCTS_DIR; };
		4C45BE8C2074031600F6982F /* poc_gradient_navigationTests.swift */ = {isa = PBXFileReference; lastKnownFileType = sourcecode.swift; path = poc_gradient_navigationTests.swift; sourceTree = "<group>"; };
		4C45BE8E2074031600F6982F /* Info.plist */ = {isa = PBXFileReference; lastKnownFileType = text.plist.xml; path = Info.plist; sourceTree = "<group>"; };
		4C45BE932074031600F6982F /* poc-gradient-navigationUITests.xctest */ = {isa = PBXFileReference; explicitFileType = wrapper.cfbundle; includeInIndex = 0; path = "poc-gradient-navigationUITests.xctest"; sourceTree = BUILT_PRODUCTS_DIR; };
		4C45BE972074031600F6982F /* poc_gradient_navigationUITests.swift */ = {isa = PBXFileReference; lastKnownFileType = sourcecode.swift; path = poc_gradient_navigationUITests.swift; sourceTree = "<group>"; };
		4C45BE992074031600F6982F /* Info.plist */ = {isa = PBXFileReference; lastKnownFileType = text.plist.xml; path = Info.plist; sourceTree = "<group>"; };
		4CAEB539207FDDAB00278336 /* MenuTableViewController.swift */ = {isa = PBXFileReference; lastKnownFileType = sourcecode.swift; path = MenuTableViewController.swift; sourceTree = "<group>"; };
		4CAEB53C207FDE2700278336 /* MainNavigationBar.swift */ = {isa = PBXFileReference; lastKnownFileType = sourcecode.swift; path = MainNavigationBar.swift; sourceTree = "<group>"; };
		4CC1A63B2084BACD00A523DA /* OptionsViewController.swift */ = {isa = PBXFileReference; fileEncoding = 4; lastKnownFileType = sourcecode.swift; path = OptionsViewController.swift; sourceTree = "<group>"; };
		4CC1A63C2084BACD00A523DA /* BaseViewController.swift */ = {isa = PBXFileReference; fileEncoding = 4; lastKnownFileType = sourcecode.swift; path = BaseViewController.swift; sourceTree = "<group>"; };
		4CC1A6442084BE3100A523DA /* UIColor+Custom.swift */ = {isa = PBXFileReference; fileEncoding = 4; lastKnownFileType = sourcecode.swift; path = "UIColor+Custom.swift"; sourceTree = "<group>"; };
/* End PBXFileReference section */

/* Begin PBXFrameworksBuildPhase section */
		4C45BE712074031600F6982F /* Frameworks */ = {
			isa = PBXFrameworksBuildPhase;
			buildActionMask = 2147483647;
			files = (
			);
			runOnlyForDeploymentPostprocessing = 0;
		};
		4C45BE852074031600F6982F /* Frameworks */ = {
			isa = PBXFrameworksBuildPhase;
			buildActionMask = 2147483647;
			files = (
			);
			runOnlyForDeploymentPostprocessing = 0;
		};
		4C45BE902074031600F6982F /* Frameworks */ = {
			isa = PBXFrameworksBuildPhase;
			buildActionMask = 2147483647;
			files = (
			);
			runOnlyForDeploymentPostprocessing = 0;
		};
/* End PBXFrameworksBuildPhase section */

/* Begin PBXGroup section */
		4C45BE6B2074031600F6982F = {
			isa = PBXGroup;
			children = (
				4C45BE762074031600F6982F /* poc-gradient-navigation */,
				4C45BE8B2074031600F6982F /* poc-gradient-navigationTests */,
				4C45BE962074031600F6982F /* poc-gradient-navigationUITests */,
				4C45BE752074031600F6982F /* Products */,
			);
			sourceTree = "<group>";
		};
		4C45BE752074031600F6982F /* Products */ = {
			isa = PBXGroup;
			children = (
				4C45BE742074031600F6982F /* poc-gradient-navigation.app */,
				4C45BE882074031600F6982F /* poc-gradient-navigationTests.xctest */,
				4C45BE932074031600F6982F /* poc-gradient-navigationUITests.xctest */,
			);
			name = Products;
			sourceTree = "<group>";
		};
		4C45BE762074031600F6982F /* poc-gradient-navigation */ = {
			isa = PBXGroup;
			children = (
				4CC1A6432084BE0B00A523DA /* extensions */,
				4CAEB53B207FDE0A00278336 /* views */,
				4CAEB536207FDD2200278336 /* controllers */,
				4C45BE772074031600F6982F /* AppDelegate.swift */,
				4C45BE792074031600F6982F /* ViewController.swift */,
				4C45BE7B2074031600F6982F /* Main.storyboard */,
				4C45BE7E2074031600F6982F /* Assets.xcassets */,
				4C45BE802074031600F6982F /* LaunchScreen.storyboard */,
				4C45BE832074031600F6982F /* Info.plist */,
			);
			path = "poc-gradient-navigation";
			sourceTree = "<group>";
		};
		4C45BE8B2074031600F6982F /* poc-gradient-navigationTests */ = {
			isa = PBXGroup;
			children = (
				4C45BE8C2074031600F6982F /* poc_gradient_navigationTests.swift */,
				4C45BE8E2074031600F6982F /* Info.plist */,
			);
			path = "poc-gradient-navigationTests";
			sourceTree = "<group>";
		};
		4C45BE962074031600F6982F /* poc-gradient-navigationUITests */ = {
			isa = PBXGroup;
			children = (
				4C45BE972074031600F6982F /* poc_gradient_navigationUITests.swift */,
				4C45BE992074031600F6982F /* Info.plist */,
			);
			path = "poc-gradient-navigationUITests";
			sourceTree = "<group>";
		};
		4CAEB536207FDD2200278336 /* controllers */ = {
			isa = PBXGroup;
			children = (
				4CC1A63C2084BACD00A523DA /* BaseViewController.swift */,
				4CC1A63B2084BACD00A523DA /* OptionsViewController.swift */,
				4CAEB539207FDDAB00278336 /* MenuTableViewController.swift */,
			);
			path = controllers;
			sourceTree = "<group>";
		};
		4CAEB53B207FDE0A00278336 /* views */ = {
			isa = PBXGroup;
			children = (
				4CAEB53C207FDE2700278336 /* MainNavigationBar.swift */,
			);
			path = views;
			sourceTree = "<group>";
		};
		4CC1A6432084BE0B00A523DA /* extensions */ = {
			isa = PBXGroup;
			children = (
				4CC1A6442084BE3100A523DA /* UIColor+Custom.swift */,
			);
			path = extensions;
			sourceTree = "<group>";
		};
/* End PBXGroup section */

/* Begin PBXNativeTarget section */
		4C45BE732074031600F6982F /* poc-gradient-navigation */ = {
			isa = PBXNativeTarget;
			buildConfigurationList = 4C45BE9C2074031600F6982F /* Build configuration list for PBXNativeTarget "poc-gradient-navigation" */;
			buildPhases = (
				4C45BE702074031600F6982F /* Sources */,
				4C45BE712074031600F6982F /* Frameworks */,
				4C45BE722074031600F6982F /* Resources */,
			);
			buildRules = (
			);
			dependencies = (
			);
			name = "poc-gradient-navigation";
			productName = "poc-gradient-navigation";
			productReference = 4C45BE742074031600F6982F /* poc-gradient-navigation.app */;
			productType = "com.apple.product-type.application";
		};
		4C45BE872074031600F6982F /* poc-gradient-navigationTests */ = {
			isa = PBXNativeTarget;
			buildConfigurationList = 4C45BE9F2074031600F6982F /* Build configuration list for PBXNativeTarget "poc-gradient-navigationTests" */;
			buildPhases = (
				4C45BE842074031600F6982F /* Sources */,
				4C45BE852074031600F6982F /* Frameworks */,
				4C45BE862074031600F6982F /* Resources */,
			);
			buildRules = (
			);
			dependencies = (
				4C45BE8A2074031600F6982F /* PBXTargetDependency */,
			);
			name = "poc-gradient-navigationTests";
			productName = "poc-gradient-navigationTests";
			productReference = 4C45BE882074031600F6982F /* poc-gradient-navigationTests.xctest */;
			productType = "com.apple.product-type.bundle.unit-test";
		};
		4C45BE922074031600F6982F /* poc-gradient-navigationUITests */ = {
			isa = PBXNativeTarget;
			buildConfigurationList = 4C45BEA22074031600F6982F /* Build configuration list for PBXNativeTarget "poc-gradient-navigationUITests" */;
			buildPhases = (
				4C45BE8F2074031600F6982F /* Sources */,
				4C45BE902074031600F6982F /* Frameworks */,
				4C45BE912074031600F6982F /* Resources */,
			);
			buildRules = (
			);
			dependencies = (
				4C45BE952074031600F6982F /* PBXTargetDependency */,
			);
			name = "poc-gradient-navigationUITests";
			productName = "poc-gradient-navigationUITests";
			productReference = 4C45BE932074031600F6982F /* poc-gradient-navigationUITests.xctest */;
			productType = "com.apple.product-type.bundle.ui-testing";
		};
/* End PBXNativeTarget section */

/* Begin PBXProject section */
		4C45BE6C2074031600F6982F /* Project object */ = {
			isa = PBXProject;
			attributes = {
				LastSwiftUpdateCheck = 0920;
				LastUpgradeCheck = 0920;
				ORGANIZATIONNAME = "Ricardo Yamaguchi";
				TargetAttributes = {
					4C45BE732074031600F6982F = {
						CreatedOnToolsVersion = 9.2;
						ProvisioningStyle = Automatic;
					};
					4C45BE872074031600F6982F = {
						CreatedOnToolsVersion = 9.2;
						ProvisioningStyle = Automatic;
						TestTargetID = 4C45BE732074031600F6982F;
					};
					4C45BE922074031600F6982F = {
						CreatedOnToolsVersion = 9.2;
						ProvisioningStyle = Automatic;
						TestTargetID = 4C45BE732074031600F6982F;
					};
				};
			};
			buildConfigurationList = 4C45BE6F2074031600F6982F /* Build configuration list for PBXProject "poc-gradient-navigation" */;
			compatibilityVersion = "Xcode 8.0";
			developmentRegion = en;
			hasScannedForEncodings = 0;
			knownRegions = (
				en,
				Base,
			);
			mainGroup = 4C45BE6B2074031600F6982F;
			productRefGroup = 4C45BE752074031600F6982F /* Products */;
			projectDirPath = "";
			projectRoot = "";
			targets = (
				4C45BE732074031600F6982F /* poc-gradient-navigation */,
				4C45BE872074031600F6982F /* poc-gradient-navigationTests */,
				4C45BE922074031600F6982F /* poc-gradient-navigationUITests */,
			);
		};
/* End PBXProject section */

/* Begin PBXResourcesBuildPhase section */
		4C45BE722074031600F6982F /* Resources */ = {
			isa = PBXResourcesBuildPhase;
			buildActionMask = 2147483647;
			files = (
				4C45BE822074031600F6982F /* LaunchScreen.storyboard in Resources */,
				4C45BE7F2074031600F6982F /* Assets.xcassets in Resources */,
				4C45BE7D2074031600F6982F /* Main.storyboard in Resources */,
			);
			runOnlyForDeploymentPostprocessing = 0;
		};
		4C45BE862074031600F6982F /* Resources */ = {
			isa = PBXResourcesBuildPhase;
			buildActionMask = 2147483647;
			files = (
			);
			runOnlyForDeploymentPostprocessing = 0;
		};
		4C45BE912074031600F6982F /* Resources */ = {
			isa = PBXResourcesBuildPhase;
			buildActionMask = 2147483647;
			files = (
			);
			runOnlyForDeploymentPostprocessing = 0;
		};
/* End PBXResourcesBuildPhase section */

/* Begin PBXSourcesBuildPhase section */
		4C45BE702074031600F6982F /* Sources */ = {
			isa = PBXSourcesBuildPhase;
			buildActionMask = 2147483647;
			files = (
				4CC1A6452084BE3100A523DA /* UIColor+Custom.swift in Sources */,
				4CAEB53D207FDE2700278336 /* MainNavigationBar.swift in Sources */,
				4C45BE7A2074031600F6982F /* ViewController.swift in Sources */,
				4C45BE782074031600F6982F /* AppDelegate.swift in Sources */,
				4CAEB53A207FDDAB00278336 /* MenuTableViewController.swift in Sources */,
				4CC1A63D2084BACD00A523DA /* OptionsViewController.swift in Sources */,
				4CC1A63E2084BACD00A523DA /* BaseViewController.swift in Sources */,
			);
			runOnlyForDeploymentPostprocessing = 0;
		};
		4C45BE842074031600F6982F /* Sources */ = {
			isa = PBXSourcesBuildPhase;
			buildActionMask = 2147483647;
			files = (
				4C45BE8D2074031600F6982F /* poc_gradient_navigationTests.swift in Sources */,
			);
			runOnlyForDeploymentPostprocessing = 0;
		};
		4C45BE8F2074031600F6982F /* Sources */ = {
			isa = PBXSourcesBuildPhase;
			buildActionMask = 2147483647;
			files = (
				4C45BE982074031600F6982F /* poc_gradient_navigationUITests.swift in Sources */,
			);
			runOnlyForDeploymentPostprocessing = 0;
		};
/* End PBXSourcesBuildPhase section */

/* Begin PBXTargetDependency section */
		4C45BE8A2074031600F6982F /* PBXTargetDependency */ = {
			isa = PBXTargetDependency;
			target = 4C45BE732074031600F6982F /* poc-gradient-navigation */;
			targetProxy = 4C45BE892074031600F6982F /* PBXContainerItemProxy */;
		};
		4C45BE952074031600F6982F /* PBXTargetDependency */ = {
			isa = PBXTargetDependency;
			target = 4C45BE732074031600F6982F /* poc-gradient-navigation */;
			targetProxy = 4C45BE942074031600F6982F /* PBXContainerItemProxy */;
		};
/* End PBXTargetDependency section */

/* Begin PBXVariantGroup section */
		4C45BE7B2074031600F6982F /* Main.storyboard */ = {
			isa = PBXVariantGroup;
			children = (
				4C45BE7C2074031600F6982F /* Base */,
			);
			name = Main.storyboard;
			sourceTree = "<group>";
		};
		4C45BE802074031600F6982F /* LaunchScreen.storyboard */ = {
			isa = PBXVariantGroup;
			children = (
				4C45BE812074031600F6982F /* Base */,
			);
			name = LaunchScreen.storyboard;
			sourceTree = "<group>";
		};
/* End PBXVariantGroup section */

/* Begin XCBuildConfiguration section */
		4C45BE9A2074031600F6982F /* Debug */ = {
			isa = XCBuildConfiguration;
			buildSettings = {
				ALWAYS_SEARCH_USER_PATHS = NO;
				CLANG_ANALYZER_NONNULL = YES;
				CLANG_ANALYZER_NUMBER_OBJECT_CONVERSION = YES_AGGRESSIVE;
				CLANG_CXX_LANGUAGE_STANDARD = "gnu++14";
				CLANG_CXX_LIBRARY = "libc++";
				CLANG_ENABLE_MODULES = YES;
				CLANG_ENABLE_OBJC_ARC = YES;
				CLANG_WARN_BLOCK_CAPTURE_AUTORELEASING = YES;
				CLANG_WARN_BOOL_CONVERSION = YES;
				CLANG_WARN_COMMA = YES;
				CLANG_WARN_CONSTANT_CONVERSION = YES;
				CLANG_WARN_DIRECT_OBJC_ISA_USAGE = YES_ERROR;
				CLANG_WARN_DOCUMENTATION_COMMENTS = YES;
				CLANG_WARN_EMPTY_BODY = YES;
				CLANG_WARN_ENUM_CONVERSION = YES;
				CLANG_WARN_INFINITE_RECURSION = YES;
				CLANG_WARN_INT_CONVERSION = YES;
				CLANG_WARN_NON_LITERAL_NULL_CONVERSION = YES;
				CLANG_WARN_OBJC_LITERAL_CONVERSION = YES;
				CLANG_WARN_OBJC_ROOT_CLASS = YES_ERROR;
				CLANG_WARN_RANGE_LOOP_ANALYSIS = YES;
				CLANG_WARN_STRICT_PROTOTYPES = YES;
				CLANG_WARN_SUSPICIOUS_MOVE = YES;
				CLANG_WARN_UNGUARDED_AVAILABILITY = YES_AGGRESSIVE;
				CLANG_WARN_UNREACHABLE_CODE = YES;
				CLANG_WARN__DUPLICATE_METHOD_MATCH = YES;
				CODE_SIGN_IDENTITY = "iPhone Developer";
				COPY_PHASE_STRIP = NO;
				DEBUG_INFORMATION_FORMAT = dwarf;
				ENABLE_STRICT_OBJC_MSGSEND = YES;
				ENABLE_TESTABILITY = YES;
				GCC_C_LANGUAGE_STANDARD = gnu11;
				GCC_DYNAMIC_NO_PIC = NO;
				GCC_NO_COMMON_BLOCKS = YES;
				GCC_OPTIMIZATION_LEVEL = 0;
				GCC_PREPROCESSOR_DEFINITIONS = (
					"DEBUG=1",
					"$(inherited)",
				);
				GCC_WARN_64_TO_32_BIT_CONVERSION = YES;
				GCC_WARN_ABOUT_RETURN_TYPE = YES_ERROR;
				GCC_WARN_UNDECLARED_SELECTOR = YES;
				GCC_WARN_UNINITIALIZED_AUTOS = YES_AGGRESSIVE;
				GCC_WARN_UNUSED_FUNCTION = YES;
				GCC_WARN_UNUSED_VARIABLE = YES;
				IPHONEOS_DEPLOYMENT_TARGET = 11.2;
				MTL_ENABLE_DEBUG_INFO = YES;
				ONLY_ACTIVE_ARCH = YES;
				SDKROOT = iphoneos;
				SWIFT_ACTIVE_COMPILATION_CONDITIONS = DEBUG;
				SWIFT_OPTIMIZATION_LEVEL = "-Onone";
			};
			name = Debug;
		};
		4C45BE9B2074031600F6982F /* Release */ = {
			isa = XCBuildConfiguration;
			buildSettings = {
				ALWAYS_SEARCH_USER_PATHS = NO;
				CLANG_ANALYZER_NONNULL = YES;
				CLANG_ANALYZER_NUMBER_OBJECT_CONVERSION = YES_AGGRESSIVE;
				CLANG_CXX_LANGUAGE_STANDARD = "gnu++14";
				CLANG_CXX_LIBRARY = "libc++";
				CLANG_ENABLE_MODULES = YES;
				CLANG_ENABLE_OBJC_ARC = YES;
				CLANG_WARN_BLOCK_CAPTURE_AUTORELEASING = YES;
				CLANG_WARN_BOOL_CONVERSION = YES;
				CLANG_WARN_COMMA = YES;
				CLANG_WARN_CONSTANT_CONVERSION = YES;
				CLANG_WARN_DIRECT_OBJC_ISA_USAGE = YES_ERROR;
				CLANG_WARN_DOCUMENTATION_COMMENTS = YES;
				CLANG_WARN_EMPTY_BODY = YES;
				CLANG_WARN_ENUM_CONVERSION = YES;
				CLANG_WARN_INFINITE_RECURSION = YES;
				CLANG_WARN_INT_CONVERSION = YES;
				CLANG_WARN_NON_LITERAL_NULL_CONVERSION = YES;
				CLANG_WARN_OBJC_LITERAL_CONVERSION = YES;
				CLANG_WARN_OBJC_ROOT_CLASS = YES_ERROR;
				CLANG_WARN_RANGE_LOOP_ANALYSIS = YES;
				CLANG_WARN_STRICT_PROTOTYPES = YES;
				CLANG_WARN_SUSPICIOUS_MOVE = YES;
				CLANG_WARN_UNGUARDED_AVAILABILITY = YES_AGGRESSIVE;
				CLANG_WARN_UNREACHABLE_CODE = YES;
				CLANG_WARN__DUPLICATE_METHOD_MATCH = YES;
				CODE_SIGN_IDENTITY = "iPhone Developer";
				COPY_PHASE_STRIP = NO;
				DEBUG_INFORMATION_FORMAT = "dwarf-with-dsym";
				ENABLE_NS_ASSERTIONS = NO;
				ENABLE_STRICT_OBJC_MSGSEND = YES;
				GCC_C_LANGUAGE_STANDARD = gnu11;
				GCC_NO_COMMON_BLOCKS = YES;
				GCC_WARN_64_TO_32_BIT_CONVERSION = YES;
				GCC_WARN_ABOUT_RETURN_TYPE = YES_ERROR;
				GCC_WARN_UNDECLARED_SELECTOR = YES;
				GCC_WARN_UNINITIALIZED_AUTOS = YES_AGGRESSIVE;
				GCC_WARN_UNUSED_FUNCTION = YES;
				GCC_WARN_UNUSED_VARIABLE = YES;
				IPHONEOS_DEPLOYMENT_TARGET = 11.2;
				MTL_ENABLE_DEBUG_INFO = NO;
				SDKROOT = iphoneos;
				SWIFT_OPTIMIZATION_LEVEL = "-Owholemodule";
				VALIDATE_PRODUCT = YES;
			};
			name = Release;
		};
		4C45BE9D2074031600F6982F /* Debug */ = {
			isa = XCBuildConfiguration;
			buildSettings = {
				ASSETCATALOG_COMPILER_APPICON_NAME = AppIcon;
				CODE_SIGN_STYLE = Automatic;
				INFOPLIST_FILE = "poc-gradient-navigation/Info.plist";
				LD_RUNPATH_SEARCH_PATHS = "$(inherited) @executable_path/Frameworks";
				PRODUCT_BUNDLE_IDENTIFIER = "com.ciandt.poc-gradient-navigation";
				PRODUCT_NAME = "$(TARGET_NAME)";
				SWIFT_VERSION = 4.0;
				TARGETED_DEVICE_FAMILY = "1,2";
			};
			name = Debug;
		};
		4C45BE9E2074031600F6982F /* Release */ = {
			isa = XCBuildConfiguration;
			buildSettings = {
				ASSETCATALOG_COMPILER_APPICON_NAME = AppIcon;
				CODE_SIGN_STYLE = Automatic;
				INFOPLIST_FILE = "poc-gradient-navigation/Info.plist";
				LD_RUNPATH_SEARCH_PATHS = "$(inherited) @executable_path/Frameworks";
				PRODUCT_BUNDLE_IDENTIFIER = "com.ciandt.poc-gradient-navigation";
				PRODUCT_NAME = "$(TARGET_NAME)";
				SWIFT_VERSION = 4.0;
				TARGETED_DEVICE_FAMILY = "1,2";
			};
			name = Release;
		};
		4C45BEA02074031600F6982F /* Debug */ = {
			isa = XCBuildConfiguration;
			buildSettings = {
				ALWAYS_EMBED_SWIFT_STANDARD_LIBRARIES = YES;
				BUNDLE_LOADER = "$(TEST_HOST)";
				CODE_SIGN_STYLE = Automatic;
				INFOPLIST_FILE = "poc-gradient-navigationTests/Info.plist";
				LD_RUNPATH_SEARCH_PATHS = "$(inherited) @executable_path/Frameworks @loader_path/Frameworks";
				PRODUCT_BUNDLE_IDENTIFIER = "com.ciandt.poc-gradient-navigationTests";
				PRODUCT_NAME = "$(TARGET_NAME)";
				SWIFT_VERSION = 4.0;
				TARGETED_DEVICE_FAMILY = "1,2";
				TEST_HOST = "$(BUILT_PRODUCTS_DIR)/poc-gradient-navigation.app/poc-gradient-navigation";
			};
			name = Debug;
		};
		4C45BEA12074031600F6982F /* Release */ = {
			isa = XCBuildConfiguration;
			buildSettings = {
				ALWAYS_EMBED_SWIFT_STANDARD_LIBRARIES = YES;
				BUNDLE_LOADER = "$(TEST_HOST)";
				CODE_SIGN_STYLE = Automatic;
				INFOPLIST_FILE = "poc-gradient-navigationTests/Info.plist";
				LD_RUNPATH_SEARCH_PATHS = "$(inherited) @executable_path/Frameworks @loader_path/Frameworks";
				PRODUCT_BUNDLE_IDENTIFIER = "com.ciandt.poc-gradient-navigationTests";
				PRODUCT_NAME = "$(TARGET_NAME)";
				SWIFT_VERSION = 4.0;
				TARGETED_DEVICE_FAMILY = "1,2";
				TEST_HOST = "$(BUILT_PRODUCTS_DIR)/poc-gradient-navigation.app/poc-gradient-navigation";
			};
			name = Release;
		};
		4C45BEA32074031600F6982F /* Debug */ = {
			isa = XCBuildConfiguration;
			buildSettings = {
				ALWAYS_EMBED_SWIFT_STANDARD_LIBRARIES = YES;
				CODE_SIGN_STYLE = Automatic;
				INFOPLIST_FILE = "poc-gradient-navigationUITests/Info.plist";
				LD_RUNPATH_SEARCH_PATHS = "$(inherited) @executable_path/Frameworks @loader_path/Frameworks";
				PRODUCT_BUNDLE_IDENTIFIER = "com.ciandt.poc-gradient-navigationUITests";
				PRODUCT_NAME = "$(TARGET_NAME)";
				SWIFT_VERSION = 4.0;
				TARGETED_DEVICE_FAMILY = "1,2";
				TEST_TARGET_NAME = "poc-gradient-navigation";
			};
			name = Debug;
		};
		4C45BEA42074031600F6982F /* Release */ = {
			isa = XCBuildConfiguration;
			buildSettings = {
				ALWAYS_EMBED_SWIFT_STANDARD_LIBRARIES = YES;
				CODE_SIGN_STYLE = Automatic;
				INFOPLIST_FILE = "poc-gradient-navigationUITests/Info.plist";
				LD_RUNPATH_SEARCH_PATHS = "$(inherited) @executable_path/Frameworks @loader_path/Frameworks";
				PRODUCT_BUNDLE_IDENTIFIER = "com.ciandt.poc-gradient-navigationUITests";
				PRODUCT_NAME = "$(TARGET_NAME)";
				SWIFT_VERSION = 4.0;
				TARGETED_DEVICE_FAMILY = "1,2";
				TEST_TARGET_NAME = "poc-gradient-navigation";
			};
			name = Release;
		};
/* End XCBuildConfiguration section */

/* Begin XCConfigurationList section */
		4C45BE6F2074031600F6982F /* Build configuration list for PBXProject "poc-gradient-navigation" */ = {
			isa = XCConfigurationList;
			buildConfigurations = (
				4C45BE9A2074031600F6982F /* Debug */,
				4C45BE9B2074031600F6982F /* Release */,
			);
			defaultConfigurationIsVisible = 0;
			defaultConfigurationName = Release;
		};
		4C45BE9C2074031600F6982F /* Build configuration list for PBXNativeTarget "poc-gradient-navigation" */ = {
			isa = XCConfigurationList;
			buildConfigurations = (
				4C45BE9D2074031600F6982F /* Debug */,
				4C45BE9E2074031600F6982F /* Release */,
			);
			defaultConfigurationIsVisible = 0;
			defaultConfigurationName = Release;
		};
		4C45BE9F2074031600F6982F /* Build configuration list for PBXNativeTarget "poc-gradient-navigationTests" */ = {
			isa = XCConfigurationList;
			buildConfigurations = (
				4C45BEA02074031600F6982F /* Debug */,
				4C45BEA12074031600F6982F /* Release */,
			);
			defaultConfigurationIsVisible = 0;
			defaultConfigurationName = Release;
		};
		4C45BEA22074031600F6982F /* Build configuration list for PBXNativeTarget "poc-gradient-navigationUITests" */ = {
			isa = XCConfigurationList;
			buildConfigurations = (
				4C45BEA32074031600F6982F /* Debug */,
				4C45BEA42074031600F6982F /* Release */,
			);
			defaultConfigurationIsVisible = 0;
			defaultConfigurationName = Release;
		};
/* End XCConfigurationList section */
	};
	rootObject = 4C45BE6C2074031600F6982F /* Project object */;
}
